
Microsoft Visual Studio Solution File, Format Version 12.00
# Visual Studio Version 17
VisualStudioVersion = 17.6.33829.357
MinimumVisualStudioVersion = 10.0.40219.1
Project("{FAE04EC0-301F-11D3-BF4B-00C04F79EFBC}") = "MimaBookStore", "MimaBookStore\MimaBookStore.csproj", "{A7D31D2A-D243-42C7-B189-B723C61E811E}"
EndProject
Global
	GlobalSection(SolutionConfigurationPlatforms) = preSolution
		Debug|Any CPU = Debug|Any CPU
		Release|Any CPU = Release|Any CPU
	EndGlobalSection
	GlobalSection(ProjectConfigurationPlatforms) = postSolution
		{A7D31D2A-D243-42C7-B189-B723C61E811E}.Debug|Any CPU.ActiveCfg = Debug|Any CPU
		{A7D31D2A-D243-42C7-B189-B723C61E811E}.Debug|Any CPU.Build.0 = Debug|Any CPU
		{A7D31D2A-D243-42C7-B189-B723C61E811E}.Release|Any CPU.ActiveCfg = Release|Any CPU
		{A7D31D2A-D243-42C7-B189-B723C61E811E}.Release|Any CPU.Build.0 = Release|Any CPU
	EndGlobalSection
	GlobalSection(SolutionProperties) = preSolution
		HideSolutionNode = FALSE
	EndGlobalSection
	GlobalSection(ExtensibilityGlobals) = postSolution
		SolutionGuid = {F041B812-2F85-462F-8D86-449E5069AC61}
	EndGlobalSection
EndGlobal
